dependencies:
- name: common
  repository: https://charts.bitnami.com/bitnami
  version: 2.31.1
- name: redis
  repository: https://charts.bitnami.com/bitnami
  version: 21.1.8
digest: sha256:0454402aceb98b035dd34b6802c615384adb6ca31f1ba87e56f345d1739509d3
generated: "2025-06-11T21:08:20.916551+02:00"
